// !$*UTF8*$!
{
	archiveVersion = 1;
	classes = {
	};
	objectVersion = 46;
	objects = {

/* Begin PBXBuildFile section */
		0F6627B119D010DB00A26098 /* CKPromise+Extra.h in Headers */ = {isa = PBXBuildFile; fileRef = 0F6627AF19D010DB00A26098 /* CKPromise+Extra.h */; };
		AA4D462219C8AB470010D0EE /* Cocoa.framework in Frameworks */ = {isa = PBXBuildFile; fileRef = AA4D462119C8AB470010D0EE /* Cocoa.framework */; };
		AA4D462C19C8AB470010D0EE /* CKPromise.m in Sources */ = {isa = PBXBuildFile; fileRef = AA4D462B19C8AB470010D0EE /* CKPromise.m */; };
		AA4D463419C8AB470010D0EE /* SenTestingKit.framework in Frameworks */ = {isa = PBXBuildFile; fileRef = AA4D463319C8AB470010D0EE /* SenTestingKit.framework */; };
		AA4D463519C8AB470010D0EE /* Cocoa.framework in Frameworks */ = {isa = PBXBuildFile; fileRef = AA4D462119C8AB470010D0EE /* Cocoa.framework */; };
		AA4D463819C8AB470010D0EE /* libCKPromise.a in Frameworks */ = {isa = PBXBuildFile; fileRef = AA4D461E19C8AB460010D0EE /* libCKPromise.a */; };
		AA4D463E19C8AB470010D0EE /* InfoPlist.strings in Resources */ = {isa = PBXBuildFile; fileRef = AA4D463C19C8AB470010D0EE /* InfoPlist.strings */; };
		AA4D464119C8AB470010D0EE /* CKPromiseTests.m in Sources */ = {isa = PBXBuildFile; fileRef = AA4D464019C8AB470010D0EE /* CKPromiseTests.m */; };
/* End PBXBuildFile section */

/* Begin PBXContainerItemProxy section */
		AA4D463619C8AB470010D0EE /* PBXContainerItemProxy */ = {
			isa = PBXContainerItemProxy;
			containerPortal = AA4D461619C8AB460010D0EE /* Project object */;
			proxyType = 1;
			remoteGlobalIDString = AA4D461D19C8AB460010D0EE;
			remoteInfo = KCPromise;
		};
/* End PBXContainerItemProxy section */

/* Begin PBXFileReference section */
		0F6627AF19D010DB00A26098 /* CKPromise+Extra.h */ = {isa = PBXFileReference; fileEncoding = 4; lastKnownFileType = sourcecode.c.h; path = "CKPromise+Extra.h"; sourceTree = "<group>"; };
		AA4D461E19C8AB460010D0EE /* libCKPromise.a */ = {isa = PBXFileReference; explicitFileType = archive.ar; includeInIndex = 0; path = libCKPromise.a; sourceTree = BUILT_PRODUCTS_DIR; };
		AA4D462119C8AB470010D0EE /* Cocoa.framework */ = {isa = PBXFileReference; lastKnownFileType = wrapper.framework; name = Cocoa.framework; path = System/Library/Frameworks/Cocoa.framework; sourceTree = SDKROOT; };
		AA4D462419C8AB470010D0EE /* AppKit.framework */ = {isa = PBXFileReference; lastKnownFileType = wrapper.framework; name = AppKit.framework; path = System/Library/Frameworks/AppKit.framework; sourceTree = SDKROOT; };
		AA4D462519C8AB470010D0EE /* CoreData.framework */ = {isa = PBXFileReference; lastKnownFileType = wrapper.framework; name = CoreData.framework; path = System/Library/Frameworks/CoreData.framework; sourceTree = SDKROOT; };
		AA4D462619C8AB470010D0EE /* Foundation.framework */ = {isa = PBXFileReference; lastKnownFileType = wrapper.framework; name = Foundation.framework; path = System/Library/Frameworks/Foundation.framework; sourceTree = SDKROOT; };
		AA4D462919C8AB470010D0EE /* CKPromise-Prefix.pch */ = {isa = PBXFileReference; lastKnownFileType = sourcecode.c.h; path = "CKPromise-Prefix.pch"; sourceTree = "<group>"; };
		AA4D462A19C8AB470010D0EE /* CKPromise.h */ = {isa = PBXFileReference; lastKnownFileType = sourcecode.c.h; path = CKPromise.h; sourceTree = "<group>"; };
		AA4D462B19C8AB470010D0EE /* CKPromise.m */ = {isa = PBXFileReference; lastKnownFileType = sourcecode.c.objc; path = CKPromise.m; sourceTree = "<group>"; };
		AA4D463219C8AB470010D0EE /* CKPromiseTests.octest */ = {isa = PBXFileReference; explicitFileType = wrapper.cfbundle; includeInIndex = 0; path = CKPromiseTests.octest; sourceTree = BUILT_PRODUCTS_DIR; };
		AA4D463319C8AB470010D0EE /* SenTestingKit.framework */ = {isa = PBXFileReference; lastKnownFileType = wrapper.framework; name = SenTestingKit.framework; path = Library/Frameworks/SenTestingKit.framework; sourceTree = DEVELOPER_DIR; };
		AA4D463B19C8AB470010D0EE /* CKPromiseTests-Info.plist */ = {isa = PBXFileReference; lastKnownFileType = text.plist.xml; path = "CKPromiseTests-Info.plist"; sourceTree = "<group>"; };
		AA4D463D19C8AB470010D0EE /* en */ = {isa = PBXFileReference; lastKnownFileType = text.plist.strings; name = en; path = en.lproj/InfoPlist.strings; sourceTree = "<group>"; };
		AA4D464019C8AB470010D0EE /* CKPromiseTests.m */ = {isa = PBXFileReference; lastKnownFileType = sourcecode.c.objc; path = CKPromiseTests.m; sourceTree = "<group>"; };
/* End PBXFileReference section */

/* Begin PBXFrameworksBuildPhase section */
		AA4D461B19C8AB460010D0EE /* Frameworks */ = {
			isa = PBXFrameworksBuildPhase;
			buildActionMask = 2147483647;
			files = (
				AA4D462219C8AB470010D0EE /* Cocoa.framework in Frameworks */,
			);
			runOnlyForDeploymentPostprocessing = 0;
		};
		AA4D462E19C8AB470010D0EE /* Frameworks */ = {
			isa = PBXFrameworksBuildPhase;
			buildActionMask = 2147483647;
			files = (
				AA4D463419C8AB470010D0EE /* SenTestingKit.framework in Frameworks */,
				AA4D463519C8AB470010D0EE /* Cocoa.framework in Frameworks */,
				AA4D463819C8AB470010D0EE /* libCKPromise.a in Frameworks */,
			);
			runOnlyForDeploymentPostprocessing = 0;
		};
/* End PBXFrameworksBuildPhase section */

/* Begin PBXGroup section */
		AA4D461519C8AB460010D0EE = {
			isa = PBXGroup;
			children = (
				AA4D462719C8AB470010D0EE /* CKPromise */,
				AA4D463919C8AB470010D0EE /* CKPromiseTests */,
				AA4D462019C8AB460010D0EE /* Frameworks */,
				AA4D461F19C8AB460010D0EE /* Products */,
			);
			sourceTree = "<group>";
		};
		AA4D461F19C8AB460010D0EE /* Products */ = {
			isa = PBXGroup;
			children = (
				AA4D461E19C8AB460010D0EE /* libCKPromise.a */,
				AA4D463219C8AB470010D0EE /* CKPromiseTests.octest */,
			);
			name = Products;
			sourceTree = "<group>";
		};
		AA4D462019C8AB460010D0EE /* Frameworks */ = {
			isa = PBXGroup;
			children = (
				AA4D462119C8AB470010D0EE /* Cocoa.framework */,
				AA4D463319C8AB470010D0EE /* SenTestingKit.framework */,
				AA4D462319C8AB470010D0EE /* Other Frameworks */,
			);
			name = Frameworks;
			sourceTree = "<group>";
		};
		AA4D462319C8AB470010D0EE /* Other Frameworks */ = {
			isa = PBXGroup;
			children = (
				AA4D462419C8AB470010D0EE /* AppKit.framework */,
				AA4D462519C8AB470010D0EE /* CoreData.framework */,
				AA4D462619C8AB470010D0EE /* Foundation.framework */,
			);
			name = "Other Frameworks";
			sourceTree = "<group>";
		};
		AA4D462719C8AB470010D0EE /* CKPromise */ = {
			isa = PBXGroup;
			children = (
				AA4D462A19C8AB470010D0EE /* CKPromise.h */,
				AA4D462B19C8AB470010D0EE /* CKPromise.m */,
				0F6627AF19D010DB00A26098 /* CKPromise+Extra.h */,
				AA4D462819C8AB470010D0EE /* Supporting Files */,
			);
			path = CKPromise;
			sourceTree = "<group>";
		};
		AA4D462819C8AB470010D0EE /* Supporting Files */ = {
			isa = PBXGroup;
			children = (
				AA4D462919C8AB470010D0EE /* CKPromise-Prefix.pch */,
			);
			name = "Supporting Files";
			sourceTree = "<group>";
		};
		AA4D463919C8AB470010D0EE /* CKPromiseTests */ = {
			isa = PBXGroup;
			children = (
				AA4D464019C8AB470010D0EE /* CKPromiseTests.m */,
				AA4D463A19C8AB470010D0EE /* Supporting Files */,
			);
			path = CKPromiseTests;
			sourceTree = "<group>";
		};
		AA4D463A19C8AB470010D0EE /* Supporting Files */ = {
			isa = PBXGroup;
			children = (
				AA4D463B19C8AB470010D0EE /* CKPromiseTests-Info.plist */,
				AA4D463C19C8AB470010D0EE /* InfoPlist.strings */,
			);
			name = "Supporting Files";
			sourceTree = "<group>";
		};
/* End PBXGroup section */

/* Begin PBXHeadersBuildPhase section */
		AA4D461C19C8AB460010D0EE /* Headers */ = {
			isa = PBXHeadersBuildPhase;
			buildActionMask = 2147483647;
			files = (
				0F6627B119D010DB00A26098 /* CKPromise+Extra.h in Headers */,
			);
			runOnlyForDeploymentPostprocessing = 0;
		};
/* End PBXHeadersBuildPhase section */

/* Begin PBXNativeTarget section */
		AA4D461D19C8AB460010D0EE /* CKPromise */ = {
			isa = PBXNativeTarget;
			buildConfigurationList = AA4D464419C8AB470010D0EE /* Build configuration list for PBXNativeTarget "CKPromise" */;
			buildPhases = (
				AA4D461A19C8AB460010D0EE /* Sources */,
				AA4D461B19C8AB460010D0EE /* Frameworks */,
				AA4D461C19C8AB460010D0EE /* Headers */,
			);
			buildRules = (
			);
			dependencies = (
			);
			name = CKPromise;
			productName = KCPromise;
			productReference = AA4D461E19C8AB460010D0EE /* libCKPromise.a */;
			productType = "com.apple.product-type.library.static";
		};
		AA4D463119C8AB470010D0EE /* CKPromiseTests */ = {
			isa = PBXNativeTarget;
			buildConfigurationList = AA4D464719C8AB470010D0EE /* Build configuration list for PBXNativeTarget "CKPromiseTests" */;
			buildPhases = (
				AA4D462D19C8AB470010D0EE /* Sources */,
				AA4D462E19C8AB470010D0EE /* Frameworks */,
				AA4D462F19C8AB470010D0EE /* Resources */,
				AA4D463019C8AB470010D0EE /* ShellScript */,
			);
			buildRules = (
			);
			dependencies = (
				AA4D463719C8AB470010D0EE /* PBXTargetDependency */,
			);
			name = CKPromiseTests;
			productName = KCPromiseTests;
			productReference = AA4D463219C8AB470010D0EE /* CKPromiseTests.octest */;
			productType = "com.apple.product-type.bundle";
		};
/* End PBXNativeTarget section */

/* Begin PBXProject section */
		AA4D461619C8AB460010D0EE /* Project object */ = {
			isa = PBXProject;
			attributes = {
				LastUpgradeCheck = 0460;
				ORGANIZATIONNAME = Cristik;
			};
			buildConfigurationList = AA4D461919C8AB460010D0EE /* Build configuration list for PBXProject "CKPromise" */;
			compatibilityVersion = "Xcode 3.2";
			developmentRegion = English;
			hasScannedForEncodings = 0;
			knownRegions = (
				en,
			);
			mainGroup = AA4D461519C8AB460010D0EE;
			productRefGroup = AA4D461F19C8AB460010D0EE /* Products */;
			projectDirPath = "";
			projectRoot = "";
			targets = (
				AA4D461D19C8AB460010D0EE /* CKPromise */,
				AA4D463119C8AB470010D0EE /* CKPromiseTests */,
			);
		};
/* End PBXProject section */

/* Begin PBXResourcesBuildPhase section */
		AA4D462F19C8AB470010D0EE /* Resources */ = {
			isa = PBXResourcesBuildPhase;
			buildActionMask = 2147483647;
			files = (
				AA4D463E19C8AB470010D0EE /* InfoPlist.strings in Resources */,
			);
			runOnlyForDeploymentPostprocessing = 0;
		};
/* End PBXResourcesBuildPhase section */

/* Begin PBXShellScriptBuildPhase section */
		AA4D463019C8AB470010D0EE /* ShellScript */ = {
			isa = PBXShellScriptBuildPhase;
			buildActionMask = 2147483647;
			files = (
			);
			inputPaths = (
			);
			outputPaths = (
			);
			runOnlyForDeploymentPostprocessing = 0;
			shellPath = /bin/sh;
			shellScript = "# Run the unit tests in this test bundle.\n\"${SYSTEM_DEVELOPER_DIR}/Tools/RunUnitTests\"\n";
		};
/* End PBXShellScriptBuildPhase section */

/* Begin PBXSourcesBuildPhase section */
		AA4D461A19C8AB460010D0EE /* Sources */ = {
			isa = PBXSourcesBuildPhase;
			buildActionMask = 2147483647;
			files = (
				AA4D462C19C8AB470010D0EE /* CKPromise.m in Sources */,
			);
			runOnlyForDeploymentPostprocessing = 0;
		};
		AA4D462D19C8AB470010D0EE /* Sources */ = {
			isa = PBXSourcesBuildPhase;
			buildActionMask = 2147483647;
			files = (
				AA4D464119C8AB470010D0EE /* CKPromiseTests.m in Sources */,
			);
			runOnlyForDeploymentPostprocessing = 0;
		};
/* End PBXSourcesBuildPhase section */

/* Begin PBXTargetDependency section */
		AA4D463719C8AB470010D0EE /* PBXTargetDependency */ = {
			isa = PBXTargetDependency;
			target = AA4D461D19C8AB460010D0EE /* CKPromise */;
			targetProxy = AA4D463619C8AB470010D0EE /* PBXContainerItemProxy */;
		};
/* End PBXTargetDependency section */

/* Begin PBXVariantGroup section */
		AA4D463C19C8AB470010D0EE /* InfoPlist.strings */ = {
			isa = PBXVariantGroup;
			children = (
				AA4D463D19C8AB470010D0EE /* en */,
			);
			name = InfoPlist.strings;
			sourceTree = "<group>";
		};
/* End PBXVariantGroup section */

/* Begin XCBuildConfiguration section */
		0FCDCB1019E51E44005E42F0 /* Test */ = {
			isa = XCBuildConfiguration;
			buildSettings = {
				ALWAYS_SEARCH_USER_PATHS = NO;
				ARCHS = "$(ARCHS_STANDARD_64_BIT)";
				CLANG_CXX_LANGUAGE_STANDARD = "gnu++0x";
				CLANG_CXX_LIBRARY = "libc++";
				CLANG_ENABLE_OBJC_ARC = YES;
				CLANG_WARN_CONSTANT_CONVERSION = YES;
				CLANG_WARN_EMPTY_BODY = YES;
				CLANG_WARN_ENUM_CONVERSION = YES;
				CLANG_WARN_INT_CONVERSION = YES;
				CLANG_WARN__DUPLICATE_METHOD_MATCH = YES;
				COPY_PHASE_STRIP = NO;
				GCC_C_LANGUAGE_STANDARD = gnu99;
				GCC_DYNAMIC_NO_PIC = NO;
				GCC_ENABLE_OBJC_EXCEPTIONS = YES;
				GCC_OPTIMIZATION_LEVEL = 0;
				GCC_PREPROCESSOR_DEFINITIONS = (
					"DEBUG=1",
					"$(inherited)",
				);
				GCC_SYMBOLS_PRIVATE_EXTERN = NO;
				GCC_WARN_64_TO_32_BIT_CONVERSION = YES;
				GCC_WARN_ABOUT_RETURN_TYPE = YES;
				GCC_WARN_UNINITIALIZED_AUTOS = YES;
				GCC_WARN_UNUSED_VARIABLE = YES;
				MACOSX_DEPLOYMENT_TARGET = 10.7;
				ONLY_ACTIVE_ARCH = YES;
				SDKROOT = macosx;
			};
			name = Test;
		};
		0FCDCB1119E51E44005E42F0 /* Test */ = {
			isa = XCBuildConfiguration;
			buildSettings = {
				GCC_GENERATE_TEST_COVERAGE_FILES = YES;
				GCC_INSTRUMENT_PROGRAM_FLOW_ARCS = YES;
				GCC_PRECOMPILE_PREFIX_HEADER = YES;
				GCC_PREFIX_HEADER = "CKPromise/CKPromise-Prefix.pch";
				PRODUCT_NAME = CKPromise;
			};
			name = Test;
		};
		0FCDCB1219E51E44005E42F0 /* Test */ = {
			isa = XCBuildConfiguration;
			buildSettings = {
				COMBINE_HIDPI_IMAGES = YES;
				FRAMEWORK_SEARCH_PATHS = "\"$(DEVELOPER_LIBRARY_DIR)/Frameworks\"";
				GCC_GENERATE_TEST_COVERAGE_FILES = YES;
				GCC_INSTRUMENT_PROGRAM_FLOW_ARCS = YES;
				GCC_PRECOMPILE_PREFIX_HEADER = YES;
				GCC_PREFIX_HEADER = "CKPromise/CKPromise-Prefix.pch";
				INFOPLIST_FILE = "CKPromiseTests/CKPromiseTests-Info.plist";
				PRODUCT_NAME = CKPromiseTests;
				WRAPPER_EXTENSION = octest;
			};
			name = Test;
		};
		AA4D464219C8AB470010D0EE /* Debug */ = {
			isa = XCBuildConfiguration;
			buildSettings = {
				ALWAYS_SEARCH_USER_PATHS = NO;
				ARCHS = "$(ARCHS_STANDARD_64_BIT)";
				CLANG_CXX_LANGUAGE_STANDARD = "gnu++0x";
				CLANG_CXX_LIBRARY = "libc++";
				CLANG_ENABLE_OBJC_ARC = YES;
				CLANG_WARN_CONSTANT_CONVERSION = YES;
				CLANG_WARN_EMPTY_BODY = YES;
				CLANG_WARN_ENUM_CONVERSION = YES;
				CLANG_WARN_INT_CONVERSION = YES;
				CLANG_WARN__DUPLICATE_METHOD_MATCH = YES;
				COPY_PHASE_STRIP = NO;
				GCC_C_LANGUAGE_STANDARD = gnu99;
				GCC_DYNAMIC_NO_PIC = NO;
				GCC_ENABLE_OBJC_EXCEPTIONS = YES;
				GCC_OPTIMIZATION_LEVEL = 0;
				GCC_PREPROCESSOR_DEFINITIONS = (
					"DEBUG=1",
					"$(inherited)",
				);
				GCC_SYMBOLS_PRIVATE_EXTERN = NO;
				GCC_WARN_64_TO_32_BIT_CONVERSION = YES;
				GCC_WARN_ABOUT_RETURN_TYPE = YES;
				GCC_WARN_UNINITIALIZED_AUTOS = YES;
				GCC_WARN_UNUSED_VARIABLE = YES;
				MACOSX_DEPLOYMENT_TARGET = 10.7;
				ONLY_ACTIVE_ARCH = YES;
				SDKROOT = macosx;
			};
			name = Debug;
		};
		AA4D464319C8AB470010D0EE /* Release */ = {
			isa = XCBuildConfiguration;
			buildSettings = {
				ALWAYS_SEARCH_USER_PATHS = NO;
				ARCHS = "$(ARCHS_STANDARD_64_BIT)";
				CLANG_CXX_LANGUAGE_STANDARD = "gnu++0x";
				CLANG_CXX_LIBRARY = "libc++";
				CLANG_ENABLE_OBJC_ARC = YES;
				CLANG_WARN_CONSTANT_CONVERSION = YES;
				CLANG_WARN_EMPTY_BODY = YES;
				CLANG_WARN_ENUM_CONVERSION = YES;
				CLANG_WARN_INT_CONVERSION = YES;
				CLANG_WARN__DUPLICATE_METHOD_MATCH = YES;
				COPY_PHASE_STRIP = YES;
				DEBUG_INFORMATION_FORMAT = "dwarf-with-dsym";
				GCC_C_LANGUAGE_STANDARD = gnu99;
				GCC_ENABLE_OBJC_EXCEPTIONS = YES;
				GCC_WARN_64_TO_32_BIT_CONVERSION = YES;
				GCC_WARN_ABOUT_RETURN_TYPE = YES;
				GCC_WARN_UNINITIALIZED_AUTOS = YES;
				GCC_WARN_UNUSED_VARIABLE = YES;
				MACOSX_DEPLOYMENT_TARGET = 10.7;
				SDKROOT = macosx;
			};
			name = Release;
		};
		AA4D464519C8AB470010D0EE /* Debug */ = {
			isa = XCBuildConfiguration;
			buildSettings = {
				GCC_PRECOMPILE_PREFIX_HEADER = YES;
				GCC_PREFIX_HEADER = "CKPromise/CKPromise-Prefix.pch";
				PRODUCT_NAME = CKPromise;
			};
			name = Debug;
		};
		AA4D464619C8AB470010D0EE /* Release */ = {
			isa = XCBuildConfiguration;
			buildSettings = {
				GCC_PRECOMPILE_PREFIX_HEADER = YES;
				GCC_PREFIX_HEADER = "CKPromise/CKPromise-Prefix.pch";
				PRODUCT_NAME = CKPromise;
			};
			name = Release;
		};
		AA4D464819C8AB470010D0EE /* Debug */ = {
			isa = XCBuildConfiguration;
			buildSettings = {
				COMBINE_HIDPI_IMAGES = YES;
				FRAMEWORK_SEARCH_PATHS = "\"$(DEVELOPER_LIBRARY_DIR)/Frameworks\"";
				GCC_GENERATE_TEST_COVERAGE_FILES = YES;
				GCC_INSTRUMENT_PROGRAM_FLOW_ARCS = YES;
				GCC_PRECOMPILE_PREFIX_HEADER = YES;
				GCC_PREFIX_HEADER = "CKPromise/CKPromise-Prefix.pch";
				INFOPLIST_FILE = "CKPromiseTests/CKPromiseTests-Info.plist";
				PRODUCT_NAME = CKPromiseTests;
				WRAPPER_EXTENSION = octest;
			};
			name = Debug;
		};
		AA4D464919C8AB470010D0EE /* Release */ = {
			isa = XCBuildConfiguration;
			buildSettings = {
				COMBINE_HIDPI_IMAGES = YES;
				FRAMEWORK_SEARCH_PATHS = "\"$(DEVELOPER_LIBRARY_DIR)/Frameworks\"";
				GCC_GENERATE_TEST_COVERAGE_FILES = YES;
				GCC_INSTRUMENT_PROGRAM_FLOW_ARCS = YES;
				GCC_PRECOMPILE_PREFIX_HEADER = YES;
				GCC_PREFIX_HEADER = "CKPromise/CKPromise-Prefix.pch";
				INFOPLIST_FILE = "CKPromiseTests/CKPromiseTests-Info.plist";
				PRODUCT_NAME = CKPromiseTests;
				WRAPPER_EXTENSION = octest;
			};
			name = Release;
		};
/* End XCBuildConfiguration section */

/* Begin XCConfigurationList section */
		AA4D461919C8AB460010D0EE /* Build configuration list for PBXProject "CKPromise" */ = {
			isa = XCConfigurationList;
			buildConfigurations = (
				AA4D464219C8AB470010D0EE /* Debug */,
				0FCDCB1019E51E44005E42F0 /* Test */,
				AA4D464319C8AB470010D0EE /* Release */,
			);
			defaultConfigurationIsVisible = 0;
			defaultConfigurationName = Release;
		};
		AA4D464419C8AB470010D0EE /* Build configuration list for PBXNativeTarget "CKPromise" */ = {
			isa = XCConfigurationList;
			buildConfigurations = (
				AA4D464519C8AB470010D0EE /* Debug */,
				0FCDCB1119E51E44005E42F0 /* Test */,
				AA4D464619C8AB470010D0EE /* Release */,
			);
			defaultConfigurationIsVisible = 0;
			defaultConfigurationName = Release;
		};
		AA4D464719C8AB470010D0EE /* Build configuration list for PBXNativeTarget "CKPromiseTests" */ = {
			isa = XCConfigurationList;
			buildConfigurations = (
				AA4D464819C8AB470010D0EE /* Debug */,
				0FCDCB1219E51E44005E42F0 /* Test */,
				AA4D464919C8AB470010D0EE /* Release */,
			);
			defaultConfigurationIsVisible = 0;
			defaultConfigurationName = Release;
		};
/* End XCConfigurationList section */
	};
	rootObject = AA4D461619C8AB460010D0EE /* Project object */;
}
